Microsoft Visual Studio Solution File, Format Version 12.00
# Visual Studio Version 17
VisualStudioVersion = 17.4.33103.184
MinimumVisualStudioVersion = 15.0.26124.0
Project("{2150E333-8FDC-42A3-9474-1A3956D46DE8}") = "Api", "Api", "{E9208529-D589-43F2-9CBF-B6D29C8D9F4E}"
EndProject
Project("{9A19103F-16F7-4668-BE54-9A1E7A4F7556}") = "Zip.InstallmentsService.Api", "Zip.InstallmentsService.Api\Zip.InstallmentsService.Api.csproj", "{C5A2EF5C-458C-43AF-B9C4-898A9429D41B}"
EndProject
Project("{2150E333-8FDC-42A3-9474-1A3956D46DE8}") = "Core", "Core", "{A57A5BED-33BA-40A1-879F-31C95D0F6A58}"
EndProject
Project("{9A19103F-16F7-4668-BE54-9A1E7A4F7556}") = "Zip.InstallmentsService.Api.Common", "Zip.InstallmentsService.Common\Zip.InstallmentsService.Api.Common.csproj", "{49582040-A2C0-4996-B097-70B052D61E6E}"
EndProject
Project("{9A19103F-16F7-4668-BE54-9A1E7A4F7556}") = "Zip.InstallmentsService.Api.Domain.Core", "Zip.InstallmentsService.Api.Domain.Core\Zip.InstallmentsService.Api.Domain.Core.csproj", "{188F08A6-2B57-4A23-81B7-300C65DA23D0}"
EndProject
Project("{9A19103F-16F7-4668-BE54-9A1E7A4F7556}") = "Zip.InstallmentsService.Api.Application.Services", "Zip.InstallmentsService.Api.Application.Services\Zip.InstallmentsService.Api.Application.Services.csproj", "{19F6DFA5-74EA-4BC3-96AE-9BD130909A08}"
EndProject
Project("{9A19103F-16F7-4668-BE54-9A1E7A4F7556}") = "Zip.InstallmentsService.Api.Bootstrapper", "Zip.InstallmentsService.Api.Bootstrapper\Zip.InstallmentsService.Api.Bootstrapper.csproj", "{77518417-3A8C-4710-8EFE-4151FCC45971}"
EndProject
Project("{9A19103F-16F7-4668-BE54-9A1E7A4F7556}") = "Zip.InstallmentsService.Api.Data.EntityFramework", "Zip.InstallmentsService.Api.Data.EntityFramework\Zip.InstallmentsService.Api.Data.EntityFramework.csproj", "{E5228C9A-1344-4A34-8B96-911571D80E1A}"
EndProject
Global
	GlobalSection(SolutionConfigurationPlatforms) = preSolution
		Debug|Any CPU = Debug|Any CPU
		Debug|x64 = Debug|x64
		Debug|x86 = Debug|x86
		Release|Any CPU = Release|Any CPU
		Release|x64 = Release|x64
		Release|x86 = Release|x86
	EndGlobalSection
	GlobalSection(ProjectConfigurationPlatforms) = postSolution
		{C5A2EF5C-458C-43AF-B9C4-898A9429D41B}.Debug|Any CPU.ActiveCfg = Debug|Any CPU
		{C5A2EF5C-458C-43AF-B9C4-898A9429D41B}.Debug|Any CPU.Build.0 = Debug|Any CPU
		{C5A2EF5C-458C-43AF-B9C4-898A9429D41B}.Debug|x64.ActiveCfg = Debug|Any CPU
		{C5A2EF5C-458C-43AF-B9C4-898A9429D41B}.Debug|x64.Build.0 = Debug|Any CPU
		{C5A2EF5C-458C-43AF-B9C4-898A9429D41B}.Debug|x86.ActiveCfg = Debug|Any CPU
		{C5A2EF5C-458C-43AF-B9C4-898A9429D41B}.Debug|x86.Build.0 = Debug|Any CPU
		{C5A2EF5C-458C-43AF-B9C4-898A9429D41B}.Release|Any CPU.ActiveCfg = Release|Any CPU
		{C5A2EF5C-458C-43AF-B9C4-898A9429D41B}.Release|Any CPU.Build.0 = Release|Any CPU
		{C5A2EF5C-458C-43AF-B9C4-898A9429D41B}.Release|x64.ActiveCfg = Release|Any CPU
		{C5A2EF5C-458C-43AF-B9C4-898A9429D41B}.Release|x64.Build.0 = Release|Any CPU
		{C5A2EF5C-458C-43AF-B9C4-898A9429D41B}.Release|x86.ActiveCfg = Release|Any CPU
		{C5A2EF5C-458C-43AF-B9C4-898A9429D41B}.Release|x86.Build.0 = Release|Any CPU
		{49582040-A2C0-4996-B097-70B052D61E6E}.Debug|Any CPU.ActiveCfg = Debug|Any CPU
		{49582040-A2C0-4996-B097-70B052D61E6E}.Debug|Any CPU.Build.0 = Debug|Any CPU
		{49582040-A2C0-4996-B097-70B052D61E6E}.Debug|x64.ActiveCfg = Debug|Any CPU
		{49582040-A2C0-4996-B097-70B052D61E6E}.Debug|x64.Build.0 = Debug|Any CPU
		{49582040-A2C0-4996-B097-70B052D61E6E}.Debug|x86.ActiveCfg = Debug|Any CPU
		{49582040-A2C0-4996-B097-70B052D61E6E}.Debug|x86.Build.0 = Debug|Any CPU
		{49582040-A2C0-4996-B097-70B052D61E6E}.Release|Any CPU.ActiveCfg = Release|Any CPU
		{49582040-A2C0-4996-B097-70B052D61E6E}.Release|Any CPU.Build.0 = Release|Any CPU
		{49582040-A2C0-4996-B097-70B052D61E6E}.Release|x64.ActiveCfg = Release|Any CPU
		{49582040-A2C0-4996-B097-70B052D61E6E}.Release|x64.Build.0 = Release|Any CPU
		{49582040-A2C0-4996-B097-70B052D61E6E}.Release|x86.ActiveCfg = Release|Any CPU
		{49582040-A2C0-4996-B097-70B052D61E6E}.Release|x86.Build.0 = Release|Any CPU
		{188F08A6-2B57-4A23-81B7-300C65DA23D0}.Debug|Any CPU.ActiveCfg = Debug|Any CPU
		{188F08A6-2B57-4A23-81B7-300C65DA23D0}.Debug|Any CPU.Build.0 = Debug|Any CPU
		{188F08A6-2B57-4A23-81B7-300C65DA23D0}.Debug|x64.ActiveCfg = Debug|Any CPU
		{188F08A6-2B57-4A23-81B7-300C65DA23D0}.Debug|x64.Build.0 = Debug|Any CPU
		{188F08A6-2B57-4A23-81B7-300C65DA23D0}.Debug|x86.ActiveCfg = Debug|Any CPU
		{188F08A6-2B57-4A23-81B7-300C65DA23D0}.Debug|x86.Build.0 = Debug|Any CPU
		{188F08A6-2B57-4A23-81B7-300C65DA23D0}.Release|Any CPU.ActiveCfg = Release|Any CPU
		{188F08A6-2B57-4A23-81B7-300C65DA23D0}.Release|Any CPU.Build.0 = Release|Any CPU
		{188F08A6-2B57-4A23-81B7-300C65DA23D0}.Release|x64.ActiveCfg = Release|Any CPU
		{188F08A6-2B57-4A23-81B7-300C65DA23D0}.Release|x64.Build.0 = Release|Any CPU
		{188F08A6-2B57-4A23-81B7-300C65DA23D0}.Release|x86.ActiveCfg = Release|Any CPU
		{188F08A6-2B57-4A23-81B7-300C65DA23D0}.Release|x86.Build.0 = Release|Any CPU
		{19F6DFA5-74EA-4BC3-96AE-9BD130909A08}.Debug|Any CPU.ActiveCfg = Debug|Any CPU
		{19F6DFA5-74EA-4BC3-96AE-9BD130909A08}.Debug|Any CPU.Build.0 = Debug|Any CPU
		{19F6DFA5-74EA-4BC3-96AE-9BD130909A08}.Debug|x64.ActiveCfg = Debug|Any CPU
		{19F6DFA5-74EA-4BC3-96AE-9BD130909A08}.Debug|x64.Build.0 = Debug|Any CPU
		{19F6DFA5-74EA-4BC3-96AE-9BD130909A08}.Debug|x86.ActiveCfg = Debug|Any CPU
		{19F6DFA5-74EA-4BC3-96AE-9BD130909A08}.Debug|x86.Build.0 = Debug|Any CPU
		{19F6DFA5-74EA-4BC3-96AE-9BD130909A08}.Release|Any CPU.ActiveCfg = Release|Any CPU
		{19F6DFA5-74EA-4BC3-96AE-9BD130909A08}.Release|Any CPU.Build.0 = Release|Any CPU
		{19F6DFA5-74EA-4BC3-96AE-9BD130909A08}.Release|x64.ActiveCfg = Release|Any CPU
		{19F6DFA5-74EA-4BC3-96AE-9BD130909A08}.Release|x64.Build.0 = Release|Any CPU
		{19F6DFA5-74EA-4BC3-96AE-9BD130909A08}.Release|x86.ActiveCfg = Release|Any CPU
		{19F6DFA5-74EA-4BC3-96AE-9BD130909A08}.Release|x86.Build.0 = Release|Any CPU
		{77518417-3A8C-4710-8EFE-4151FCC45971}.Debug|Any CPU.ActiveCfg = Debug|Any CPU
		{77518417-3A8C-4710-8EFE-4151FCC45971}.Debug|Any CPU.Build.0 = Debug|Any CPU
		{77518417-3A8C-4710-8EFE-4151FCC45971}.Debug|x64.ActiveCfg = Debug|Any CPU
		{77518417-3A8C-4710-8EFE-4151FCC45971}.Debug|x64.Build.0 = Debug|Any CPU
		{77518417-3A8C-4710-8EFE-4151FCC45971}.Debug|x86.ActiveCfg = Debug|Any CPU
		{77518417-3A8C-4710-8EFE-4151FCC45971}.Debug|x86.Build.0 = Debug|Any CPU
		{77518417-3A8C-4710-8EFE-4151FCC45971}.Release|Any CPU.ActiveCfg = Release|Any CPU
		{77518417-3A8C-4710-8EFE-4151FCC45971}.Release|Any CPU.Build.0 = Release|Any CPU
		{77518417-3A8C-4710-8EFE-4151FCC45971}.Release|x64.ActiveCfg = Release|Any CPU
		{77518417-3A8C-4710-8EFE-4151FCC45971}.Release|x64.Build.0 = Release|Any CPU
		{77518417-3A8C-4710-8EFE-4151FCC45971}.Release|x86.ActiveCfg = Release|Any CPU
		{77518417-3A8C-4710-8EFE-4151FCC45971}.Release|x86.Build.0 = Release|Any CPU
		{E5228C9A-1344-4A34-8B96-911571D80E1A}.Debug|Any CPU.ActiveCfg = Debug|Any CPU
		{E5228C9A-1344-4A34-8B96-911571D80E1A}.Debug|Any CPU.Build.0 = Debug|Any CPU
		{E5228C9A-1344-4A34-8B96-911571D80E1A}.Debug|x64.ActiveCfg = Debug|Any CPU
		{E5228C9A-1344-4A34-8B96-911571D80E1A}.Debug|x64.Build.0 = Debug|Any CPU
		{E5228C9A-1344-4A34-8B96-911571D80E1A}.Debug|x86.ActiveCfg = Debug|Any CPU
		{E5228C9A-1344-4A34-8B96-911571D80E1A}.Debug|x86.Build.0 = Debug|Any CPU
		{E5228C9A-1344-4A34-8B96-911571D80E1A}.Release|Any CPU.ActiveCfg = Release|Any CPU
		{E5228C9A-1344-4A34-8B96-911571D80E1A}.Release|Any CPU.Build.0 = Release|Any CPU
		{E5228C9A-1344-4A34-8B96-911571D80E1A}.Release|x64.ActiveCfg = Release|Any CPU
		{E5228C9A-1344-4A34-8B96-911571D80E1A}.Release|x64.Build.0 = Release|Any CPU
		{E5228C9A-1344-4A34-8B96-911571D80E1A}.Release|x86.ActiveCfg = Release|Any CPU
		{E5228C9A-1344-4A34-8B96-911571D80E1A}.Release|x86.Build.0 = Release|Any CPU
	EndGlobalSection
	GlobalSection(SolutionProperties) = preSolution
		HideSolutionNode = FALSE
	EndGlobalSection
	GlobalSection(NestedProjects) = preSolution
		{C5A2EF5C-458C-43AF-B9C4-898A9429D41B} = {E9208529-D589-43F2-9CBF-B6D29C8D9F4E}
		{49582040-A2C0-4996-B097-70B052D61E6E} = {A57A5BED-33BA-40A1-879F-31C95D0F6A58}
		{188F08A6-2B57-4A23-81B7-300C65DA23D0} = {A57A5BED-33BA-40A1-879F-31C95D0F6A58}
		{19F6DFA5-74EA-4BC3-96AE-9BD130909A08} = {A57A5BED-33BA-40A1-879F-31C95D0F6A58}
		{77518417-3A8C-4710-8EFE-4151FCC45971} = {A57A5BED-33BA-40A1-879F-31C95D0F6A58}
		{E5228C9A-1344-4A34-8B96-911571D80E1A} = {A57A5BED-33BA-40A1-879F-31C95D0F6A58}
	EndGlobalSection
	GlobalSection(ExtensibilityGlobals) = postSolution
		SolutionGuid = {D7C4FF17-869D-4C44-ADA1-ABD613F0BDF0}
	EndGlobalSection
EndGlobal
